{
    "_readme": [
        "This file locks the dependencies of your project to a known state",
        "Read more about it at https://getcomposer.org/doc/01-basic-usage.md#composer-lock-the-lock-file",
        "This file is @generated automatically"
    ],
    "hash": "23348679c9e601ede0b72a70f15f8f45",
    "content-hash": "6961bc06edc69cafa8bb302f3c87c7ae",
    "packages": [
        {
            "name": "league/monga",
            "version": "1.2.4",
            "source": {
                "type": "git",
                "url": "https://github.com/thephpleague/monga.git",
                "reference": "b98db07e7aeeaddf99b65a9d39ea6e5342ac6e72"
            },
            "dist": {
                "type": "zip",
                "url": "https://api.github.com/repos/thephpleague/monga/zipball/b98db07e7aeeaddf99b65a9d39ea6e5342ac6e72",
                "reference": "b98db07e7aeeaddf99b65a9d39ea6e5342ac6e72",
                "shasum": ""
            },
            "require": {
                "php": ">=5.4.0"
            },
            "replace": {
                "php-loep/monga": "self.version"
            },
            "require-dev": {
                "mockery/mockery": "0.9.*",
                "phpunit/phpunit": "4.*",
                "squizlabs/php_codesniffer": "2.3.*"
            },
            "type": "library",
            "autoload": {
                "psr-0": {
                    "League\\Monga": "src/"
                }
            },
            "notification-url": "https://packagist.org/downloads/",
            "license": [
                "MIT"
            ],
            "authors": [
                {
                    "name": "Frank de Jonge",
                    "email": "frank@ku.nl"
                }
            ],
            "description": "MongoDB Abstraction Layer",
            "homepage": "https://github.com/thephpleague/monga",
            "keywords": [
                "mongodb"
            ],
            "time": "2016-02-29 17:56:12"
        },
        {
            "name": "symfony/yaml",
            "version": "v3.1.6",
            "source": {
                "type": "git",
                "url": "https://github.com/symfony/yaml.git",
                "reference": "7ff51b06c6c3d5cc6686df69004a42c69df09e27"
            },
            "dist": {
                "type": "zip",
                "url": "https://api.github.com/repos/symfony/yaml/zipball/7ff51b06c6c3d5cc6686df69004a42c69df09e27",
                "reference": "7ff51b06c6c3d5cc6686df69004a42c69df09e27",
                "shasum": ""
            },
            "require": {
                "php": ">=5.5.9"
            },
            "type": "library",
            "extra": {
                "branch-alias": {
                    "dev-master": "3.1-dev"
                }
            },
            "autoload": {
                "psr-4": {
                    "Symfony\\Component\\Yaml\\": ""
                },
                "exclude-from-classmap": [
                    "/Tests/"
                ]
            },
            "notification-url": "https://packagist.org/downloads/",
            "license": [
                "MIT"
            ],
            "authors": [
                {
                    "name": "Fabien Potencier",
                    "email": "fabien@symfony.com"
                },
                {
                    "name": "Symfony Community",
                    "homepage": "https://symfony.com/contributors"
                }
            ],
            "description": "Symfony Yaml Component",
            "homepage": "https://symfony.com",
            "time": "2016-10-24 18:41:13"
        }
    ],
    "packages-dev": [],
    "aliases": [],
    "minimum-stability": "stable",
    "stability-flags": [],
    "prefer-stable": false,
    "prefer-lowest": false,
    "platform": {
        "php": ">=5.6.0"
    },
    "platform-dev": []
}
